// !$*UTF8*$!
{
	archiveVersion = 1;
	classes = {
	};
	objectVersion = 50;
	objects = {

/* Begin PBXBuildFile section */
		8B60B62F2165332500AA96DD /* AppDelegate.m in Sources */ = {isa = PBXBuildFile; fileRef = 8B60B62E2165332500AA96DD /* AppDelegate.m */; };
		8B60B6322165332500AA96DD /* ViewController.m in Sources */ = {isa = PBXBuildFile; fileRef = 8B60B6312165332500AA96DD /* ViewController.m */; };
		8B60B6352165332500AA96DD /* Main.storyboard in Resources */ = {isa = PBXBuildFile; fileRef = 8B60B6332165332500AA96DD /* Main.storyboard */; };
		8B60B6372165332600AA96DD /* Assets.xcassets in Resources */ = {isa = PBXBuildFile; fileRef = 8B60B6362165332600AA96DD /* Assets.xcassets */; };
		8B60B63A2165332600AA96DD /* LaunchScreen.storyboard in Resources */ = {isa = PBXBuildFile; fileRef = 8B60B6382165332600AA96DD /* LaunchScreen.storyboard */; };
		8B60B63D2165332600AA96DD /* main.m in Sources */ = {isa = PBXBuildFile; fileRef = 8B60B63C2165332600AA96DD /* main.m */; };
		8B60B6472165332600AA96DD /* helloTests.m in Sources */ = {isa = PBXBuildFile; fileRef = 8B60B6462165332600AA96DD /* helloTests.m */; };
		8B60B6522165332600AA96DD /* helloUITests.m in Sources */ = {isa = PBXBuildFile; fileRef = 8B60B6512165332600AA96DD /* helloUITests.m */; };
/* End PBXBuildFile section */

/* Begin PBXContainerItemProxy section */
		8B60B6432165332600AA96DD /* PBXContainerItemProxy */ = {
			isa = PBXContainerItemProxy;
			containerPortal = 8B60B6222165332500AA96DD /* Project object */;
			proxyType = 1;
			remoteGlobalIDString = 8B60B6292165332500AA96DD;
			remoteInfo = hello;
		};
		8B60B64E2165332600AA96DD /* PBXContainerItemProxy */ = {
			isa = PBXContainerItemProxy;
			containerPortal = 8B60B6222165332500AA96DD /* Project object */;
			proxyType = 1;
			remoteGlobalIDString = 8B60B6292165332500AA96DD;
			remoteInfo = hello;
		};
/* End PBXContainerItemProxy section */

/* Begin PBXFileReference section */
		8B60B62A2165332500AA96DD /* hello.app */ = {isa = PBXFileReference; explicitFileType = wrapper.application; includeInIndex = 0; path = hello.app; sourceTree = BUILT_PRODUCTS_DIR; };
		8B60B62D2165332500AA96DD /* AppDelegate.h */ = {isa = PBXFileReference; lastKnownFileType = sourcecode.c.h; path = AppDelegate.h; sourceTree = "<group>"; };
		8B60B62E2165332500AA96DD /* AppDelegate.m */ = {isa = PBXFileReference; lastKnownFileType = sourcecode.c.objc; path = AppDelegate.m; sourceTree = "<group>"; };
		8B60B6302165332500AA96DD /* ViewController.h */ = {isa = PBXFileReference; lastKnownFileType = sourcecode.c.h; path = ViewController.h; sourceTree = "<group>"; };
		8B60B6312165332500AA96DD /* ViewController.m */ = {isa = PBXFileReference; lastKnownFileType = sourcecode.c.objc; path = ViewController.m; sourceTree = "<group>"; };
		8B60B6342165332500AA96DD /* Base */ = {isa = PBXFileReference; lastKnownFileType = file.storyboard; name = Base; path = Base.lproj/Main.storyboard; sourceTree = "<group>"; };
		8B60B6362165332600AA96DD /* Assets.xcassets */ = {isa = PBXFileReference; lastKnownFileType = folder.assetcatalog; path = Assets.xcassets; sourceTree = "<group>"; };
		8B60B6392165332600AA96DD /* Base */ = {isa = PBXFileReference; lastKnownFileType = file.storyboard; name = Base; path = Base.lproj/LaunchScreen.storyboard; sourceTree = "<group>"; };
		8B60B63B2165332600AA96DD /* Info.plist */ = {isa = PBXFileReference; lastKnownFileType = text.plist.xml; path = Info.plist; sourceTree = "<group>"; };
		8B60B63C2165332600AA96DD /* main.m */ = {isa = PBXFileReference; lastKnownFileType = sourcecode.c.objc; path = main.m; sourceTree = "<group>"; };
		8B60B6422165332600AA96DD /* helloTests.xctest */ = {isa = PBXFileReference; explicitFileType = wrapper.cfbundle; includeInIndex = 0; path = helloTests.xctest; sourceTree = BUILT_PRODUCTS_DIR; };
		8B60B6462165332600AA96DD /* helloTests.m */ = {isa = PBXFileReference; lastKnownFileType = sourcecode.c.objc; path = helloTests.m; sourceTree = "<group>"; };
		8B60B6482165332600AA96DD /* Info.plist */ = {isa = PBXFileReference; lastKnownFileType = text.plist.xml; path = Info.plist; sourceTree = "<group>"; };
		8B60B64D2165332600AA96DD /* helloUITests.xctest */ = {isa = PBXFileReference; explicitFileType = wrapper.cfbundle; includeInIndex = 0; path = helloUITests.xctest; sourceTree = BUILT_PRODUCTS_DIR; };
		8B60B6512165332600AA96DD /* helloUITests.m */ = {isa = PBXFileReference; lastKnownFileType = sourcecode.c.objc; path = helloUITests.m; sourceTree = "<group>"; };
		8B60B6532165332600AA96DD /* Info.plist */ = {isa = PBXFileReference; lastKnownFileType = text.plist.xml; path = Info.plist; sourceTree = "<group>"; };
/* End PBXFileReference section */

/* Begin PBXFrameworksBuildPhase section */
		8B60B6272165332500AA96DD /* Frameworks */ = {
			isa = PBXFrameworksBuildPhase;
			buildActionMask = 2147483647;
			files = (
			);
			runOnlyForDeploymentPostprocessing = 0;
		};
		8B60B63F2165332600AA96DD /* Frameworks */ = {
			isa = PBXFrameworksBuildPhase;
			buildActionMask = 2147483647;
			files = (
			);
			runOnlyForDeploymentPostprocessing = 0;
		};
		8B60B64A2165332600AA96DD /* Frameworks */ = {
			isa = PBXFrameworksBuildPhase;
			buildActionMask = 2147483647;
			files = (
			);
			runOnlyForDeploymentPostprocessing = 0;
		};
/* End PBXFrameworksBuildPhase section */

/* Begin PBXGroup section */
		8B60B6212165332500AA96DD = {
			isa = PBXGroup;
			children = (
				8B60B62C2165332500AA96DD /* hello */,
				8B60B6452165332600AA96DD /* helloTests */,
				8B60B6502165332600AA96DD /* helloUITests */,
				8B60B62B2165332500AA96DD /* Products */,
			);
			sourceTree = "<group>";
		};
		8B60B62B2165332500AA96DD /* Products */ = {
			isa = PBXGroup;
			children = (
				8B60B62A2165332500AA96DD /* hello.app */,
				8B60B6422165332600AA96DD /* helloTests.xctest */,
				8B60B64D2165332600AA96DD /* helloUITests.xctest */,
			);
			name = Products;
			sourceTree = "<group>";
		};
		8B60B62C2165332500AA96DD /* hello */ = {
			isa = PBXGroup;
			children = (
				8B60B62D2165332500AA96DD /* AppDelegate.h */,
				8B60B62E2165332500AA96DD /* AppDelegate.m */,
				8B60B6302165332500AA96DD /* ViewController.h */,
				8B60B6312165332500AA96DD /* ViewController.m */,
				8B60B6332165332500AA96DD /* Main.storyboard */,
				8B60B6362165332600AA96DD /* Assets.xcassets */,
				8B60B6382165332600AA96DD /* LaunchScreen.storyboard */,
				8B60B63B2165332600AA96DD /* Info.plist */,
				8B60B63C2165332600AA96DD /* main.m */,
			);
			path = hello;
			sourceTree = "<group>";
		};
		8B60B6452165332600AA96DD /* helloTests */ = {
			isa = PBXGroup;
			children = (
				8B60B6462165332600AA96DD /* helloTests.m */,
				8B60B6482165332600AA96DD /* Info.plist */,
			);
			path = helloTests;
			sourceTree = "<group>";
		};
		8B60B6502165332600AA96DD /* helloUITests */ = {
			isa = PBXGroup;
			children = (
				8B60B6512165332600AA96DD /* helloUITests.m */,
				8B60B6532165332600AA96DD /* Info.plist */,
			);
			path = helloUITests;
			sourceTree = "<group>";
		};
/* End PBXGroup section */

/* Begin PBXNativeTarget section */
		8B60B6292165332500AA96DD /* hello */ = {
			isa = PBXNativeTarget;
			buildConfigurationList = 8B60B6562165332600AA96DD /* Build configuration list for PBXNativeTarget "hello" */;
			buildPhases = (
				8B60B6262165332500AA96DD /* Sources */,
				8B60B6272165332500AA96DD /* Frameworks */,
				8B60B6282165332500AA96DD /* Resources */,
			);
			buildRules = (
			);
			dependencies = (
			);
			name = hello;
			productName = hello;
			productReference = 8B60B62A2165332500AA96DD /* hello.app */;
			productType = "com.apple.product-type.application";
		};
		8B60B6412165332600AA96DD /* helloTests */ = {
			isa = PBXNativeTarget;
			buildConfigurationList = 8B60B6592165332600AA96DD /* Build configuration list for PBXNativeTarget "helloTests" */;
			buildPhases = (
				8B60B63E2165332600AA96DD /* Sources */,
				8B60B63F2165332600AA96DD /* Frameworks */,
				8B60B6402165332600AA96DD /* Resources */,
			);
			buildRules = (
			);
			dependencies = (
				8B60B6442165332600AA96DD /* PBXTargetDependency */,
			);
			name = helloTests;
			productName = helloTests;
			productReference = 8B60B6422165332600AA96DD /* helloTests.xctest */;
			productType = "com.apple.product-type.bundle.unit-test";
		};
		8B60B64C2165332600AA96DD /* helloUITests */ = {
			isa = PBXNativeTarget;
			buildConfigurationList = 8B60B65C2165332600AA96DD /* Build configuration list for PBXNativeTarget "helloUITests" */;
			buildPhases = (
				8B60B6492165332600AA96DD /* Sources */,
				8B60B64A2165332600AA96DD /* Frameworks */,
				8B60B64B2165332600AA96DD /* Resources */,
			);
			buildRules = (
			);
			dependencies = (
				8B60B64F2165332600AA96DD /* PBXTargetDependency */,
			);
			name = helloUITests;
			productName = helloUITests;
			productReference = 8B60B64D2165332600AA96DD /* helloUITests.xctest */;
			productType = "com.apple.product-type.bundle.ui-testing";
		};
/* End PBXNativeTarget section */

/* Begin PBXProject section */
		8B60B6222165332500AA96DD /* Project object */ = {
			isa = PBXProject;
			attributes = {
				LastUpgradeCheck = 1000;
				ORGANIZATIONNAME = developer;
				TargetAttributes = {
					8B60B6292165332500AA96DD = {
						CreatedOnToolsVersion = 10.0;
					};
					8B60B6412165332600AA96DD = {
						CreatedOnToolsVersion = 10.0;
						TestTargetID = 8B60B6292165332500AA96DD;
					};
					8B60B64C2165332600AA96DD = {
						CreatedOnToolsVersion = 10.0;
						TestTargetID = 8B60B6292165332500AA96DD;
					};
				};
			};
			buildConfigurationList = 8B60B6252165332500AA96DD /* Build configuration list for PBXProject "hello" */;
			compatibilityVersion = "Xcode 9.3";
			developmentRegion = en;
			hasScannedForEncodings = 0;
			knownRegions = (
				en,
				Base,
			);
			mainGroup = 8B60B6212165332500AA96DD;
			productRefGroup = 8B60B62B2165332500AA96DD /* Products */;
			projectDirPath = "";
			projectRoot = "";
			targets = (
				8B60B6292165332500AA96DD /* hello */,
				8B60B6412165332600AA96DD /* helloTests */,
				8B60B64C2165332600AA96DD /* helloUITests */,
			);
		};
/* End PBXProject section */

/* Begin PBXResourcesBuildPhase section */
		8B60B6282165332500AA96DD /* Resources */ = {
			isa = PBXResourcesBuildPhase;
			buildActionMask = 2147483647;
			files = (
				8B60B63A2165332600AA96DD /* LaunchScreen.storyboard in Resources */,
				8B60B6372165332600AA96DD /* Assets.xcassets in Resources */,
				8B60B6352165332500AA96DD /* Main.storyboard in Resources */,
			);
			runOnlyForDeploymentPostprocessing = 0;
		};
		8B60B6402165332600AA96DD /* Resources */ = {
			isa = PBXResourcesBuildPhase;
			buildActionMask = 2147483647;
			files = (
			);
			runOnlyForDeploymentPostprocessing = 0;
		};
		8B60B64B2165332600AA96DD /* Resources */ = {
			isa = PBXResourcesBuildPhase;
			buildActionMask = 2147483647;
			files = (
			);
			runOnlyForDeploymentPostprocessing = 0;
		};
/* End PBXResourcesBuildPhase section */

/* Begin PBXSourcesBuildPhase section */
		8B60B6262165332500AA96DD /* Sources */ = {
			isa = PBXSourcesBuildPhase;
			buildActionMask = 2147483647;
			files = (
				8B60B6322165332500AA96DD /* ViewController.m in Sources */,
				8B60B63D2165332600AA96DD /* main.m in Sources */,
				8B60B62F2165332500AA96DD /* AppDelegate.m in Sources */,
			);
			runOnlyForDeploymentPostprocessing = 0;
		};
		8B60B63E2165332600AA96DD /* Sources */ = {
			isa = PBXSourcesBuildPhase;
			buildActionMask = 2147483647;
			files = (
				8B60B6472165332600AA96DD /* helloTests.m in Sources */,
			);
			runOnlyForDeploymentPostprocessing = 0;
		};
		8B60B6492165332600AA96DD /* Sources */ = {
			isa = PBXSourcesBuildPhase;
			buildActionMask = 2147483647;
			files = (
				8B60B6522165332600AA96DD /* helloUITests.m in Sources */,
			);
			runOnlyForDeploymentPostprocessing = 0;
		};
/* End PBXSourcesBuildPhase section */

/* Begin PBXTargetDependency section */
		8B60B6442165332600AA96DD /* PBXTargetDependency */ = {
			isa = PBXTargetDependency;
			target = 8B60B6292165332500AA96DD /* hello */;
			targetProxy = 8B60B6432165332600AA96DD /* PBXContainerItemProxy */;
		};
		8B60B64F2165332600AA96DD /* PBXTargetDependency */ = {
			isa = PBXTargetDependency;
			target = 8B60B6292165332500AA96DD /* hello */;
			targetProxy = 8B60B64E2165332600AA96DD /* PBXContainerItemProxy */;
		};
/* End PBXTargetDependency section */

/* Begin PBXVariantGroup section */
		8B60B6332165332500AA96DD /* Main.storyboard */ = {
			isa = PBXVariantGroup;
			children = (
				8B60B6342165332500AA96DD /* Base */,
			);
			name = Main.storyboard;
			sourceTree = "<group>";
		};
		8B60B6382165332600AA96DD /* LaunchScreen.storyboard */ = {
			isa = PBXVariantGroup;
			children = (
				8B60B6392165332600AA96DD /* Base */,
			);
			name = LaunchScreen.storyboard;
			sourceTree = "<group>";
		};
/* End PBXVariantGroup section */

/* Begin XCBuildConfiguration section */
		8B60B6542165332600AA96DD /* Debug */ = {
			isa = XCBuildConfiguration;
			buildSettings = {
				ALWAYS_SEARCH_USER_PATHS = NO;
				CLANG_ANALYZER_NONNULL = YES;
				CLANG_ANALYZER_NUMBER_OBJECT_CONVERSION = YES_AGGRESSIVE;
				CLANG_CXX_LANGUAGE_STANDARD = "gnu++14";
				CLANG_CXX_LIBRARY = "libc++";
				CLANG_ENABLE_MODULES = YES;
				CLANG_ENABLE_OBJC_ARC = YES;
				CLANG_ENABLE_OBJC_WEAK = YES;
				CLANG_WARN_BLOCK_CAPTURE_AUTORELEASING = YES;
				CLANG_WARN_BOOL_CONVERSION = YES;
				CLANG_WARN_COMMA = YES;
				CLANG_WARN_CONSTANT_CONVERSION = YES;
				CLANG_WARN_DEPRECATED_OBJC_IMPLEMENTATIONS = YES;
				CLANG_WARN_DIRECT_OBJC_ISA_USAGE = YES_ERROR;
				CLANG_WARN_DOCUMENTATION_COMMENTS = YES;
				CLANG_WARN_EMPTY_BODY = YES;
				CLANG_WARN_ENUM_CONVERSION = YES;
				CLANG_WARN_INFINITE_RECURSION = YES;
				CLANG_WARN_INT_CONVERSION = YES;
				CLANG_WARN_NON_LITERAL_NULL_CONVERSION = YES;
				CLANG_WARN_OBJC_IMPLICIT_RETAIN_SELF = YES;
				CLANG_WARN_OBJC_LITERAL_CONVERSION = YES;
				CLANG_WARN_OBJC_ROOT_CLASS = YES_ERROR;
				CLANG_WARN_RANGE_LOOP_ANALYSIS = YES;
				CLANG_WARN_STRICT_PROTOTYPES = YES;
				CLANG_WARN_SUSPICIOUS_MOVE = YES;
				CLANG_WARN_UNGUARDED_AVAILABILITY = YES_AGGRESSIVE;
				CLANG_WARN_UNREACHABLE_CODE = YES;
				CLANG_WARN__DUPLICATE_METHOD_MATCH = YES;
				CODE_SIGN_IDENTITY = "iPhone Developer";
				COPY_PHASE_STRIP = NO;
				DEBUG_INFORMATION_FORMAT = dwarf;
				ENABLE_STRICT_OBJC_MSGSEND = YES;
				ENABLE_TESTABILITY = YES;
				GCC_C_LANGUAGE_STANDARD = gnu11;
				GCC_DYNAMIC_NO_PIC = NO;
				GCC_NO_COMMON_BLOCKS = YES;
				GCC_OPTIMIZATION_LEVEL = 0;
				GCC_PREPROCESSOR_DEFINITIONS = (
					"DEBUG=1",
					"$(inherited)",
				);
				GCC_WARN_64_TO_32_BIT_CONVERSION = YES;
				GCC_WARN_ABOUT_RETURN_TYPE = YES_ERROR;
				GCC_WARN_UNDECLARED_SELECTOR = YES;
				GCC_WARN_UNINITIALIZED_AUTOS = YES_AGGRESSIVE;
				GCC_WARN_UNUSED_FUNCTION = YES;
				GCC_WARN_UNUSED_VARIABLE = YES;
				IPHONEOS_DEPLOYMENT_TARGET = 12.0;
				MTL_ENABLE_DEBUG_INFO = INCLUDE_SOURCE;
				MTL_FAST_MATH = YES;
				ONLY_ACTIVE_ARCH = YES;
				SDKROOT = iphoneos;
			};
			name = Debug;
		};
		8B60B6552165332600AA96DD /* Release */ = {
			isa = XCBuildConfiguration;
			buildSettings = {
				ALWAYS_SEARCH_USER_PATHS = NO;
				CLANG_ANALYZER_NONNULL = YES;
				CLANG_ANALYZER_NUMBER_OBJECT_CONVERSION = YES_AGGRESSIVE;
				CLANG_CXX_LANGUAGE_STANDARD = "gnu++14";
				CLANG_CXX_LIBRARY = "libc++";
				CLANG_ENABLE_MODULES = YES;
				CLANG_ENABLE_OBJC_ARC = YES;
				CLANG_ENABLE_OBJC_WEAK = YES;
				CLANG_WARN_BLOCK_CAPTURE_AUTORELEASING = YES;
				CLANG_WARN_BOOL_CONVERSION = YES;
				CLANG_WARN_COMMA = YES;
				CLANG_WARN_CONSTANT_CONVERSION = YES;
				CLANG_WARN_DEPRECATED_OBJC_IMPLEMENTATIONS = YES;
				CLANG_WARN_DIRECT_OBJC_ISA_USAGE = YES_ERROR;
				CLANG_WARN_DOCUMENTATION_COMMENTS = YES;
				CLANG_WARN_EMPTY_BODY = YES;
				CLANG_WARN_ENUM_CONVERSION = YES;
				CLANG_WARN_INFINITE_RECURSION = YES;
				CLANG_WARN_INT_CONVERSION = YES;
				CLANG_WARN_NON_LITERAL_NULL_CONVERSION = YES;
				CLANG_WARN_OBJC_IMPLICIT_RETAIN_SELF = YES;
				CLANG_WARN_OBJC_LITERAL_CONVERSION = YES;
				CLANG_WARN_OBJC_ROOT_CLASS = YES_ERROR;
				CLANG_WARN_RANGE_LOOP_ANALYSIS = YES;
				CLANG_WARN_STRICT_PROTOTYPES = YES;
				CLANG_WARN_SUSPICIOUS_MOVE = YES;
				CLANG_WARN_UNGUARDED_AVAILABILITY = YES_AGGRESSIVE;
				CLANG_WARN_UNREACHABLE_CODE = YES;
				CLANG_WARN__DUPLICATE_METHOD_MATCH = YES;
				CODE_SIGN_IDENTITY = "iPhone Developer";
				COPY_PHASE_STRIP = NO;
				DEBUG_INFORMATION_FORMAT = "dwarf-with-dsym";
				ENABLE_NS_ASSERTIONS = NO;
				ENABLE_STRICT_OBJC_MSGSEND = YES;
				GCC_C_LANGUAGE_STANDARD = gnu11;
				GCC_NO_COMMON_BLOCKS = YES;
				GCC_WARN_64_TO_32_BIT_CONVERSION = YES;
				GCC_WARN_ABOUT_RETURN_TYPE = YES_ERROR;
				GCC_WARN_UNDECLARED_SELECTOR = YES;
				GCC_WARN_UNINITIALIZED_AUTOS = YES_AGGRESSIVE;
				GCC_WARN_UNUSED_FUNCTION = YES;
				GCC_WARN_UNUSED_VARIABLE = YES;
				IPHONEOS_DEPLOYMENT_TARGET = 12.0;
				MTL_ENABLE_DEBUG_INFO = NO;
				MTL_FAST_MATH = YES;
				SDKROOT = iphoneos;
				VALIDATE_PRODUCT = YES;
			};
			name = Release;
		};
		8B60B6572165332600AA96DD /* Debug */ = {
			isa = XCBuildConfiguration;
			buildSettings = {
				ASSETCATALOG_COMPILER_APPICON_NAME = AppIcon;
				CODE_SIGN_STYLE = Automatic;
				INFOPLIST_FILE = hello/Info.plist;
				LD_RUNPATH_SEARCH_PATHS = (
					"$(inherited)",
					"@executable_path/Frameworks",
				);
				PRODUCT_BUNDLE_IDENTIFIER = com.hello.hello;
				PRODUCT_NAME = "$(TARGET_NAME)";
				TARGETED_DEVICE_FAMILY = "1,2";
			};
			name = Debug;
		};
		8B60B6582165332600AA96DD /* Release */ = {
			isa = XCBuildConfiguration;
			buildSettings = {
				ASSETCATALOG_COMPILER_APPICON_NAME = AppIcon;
				CODE_SIGN_STYLE = Automatic;
				INFOPLIST_FILE = hello/Info.plist;
				LD_RUNPATH_SEARCH_PATHS = (
					"$(inherited)",
					"@executable_path/Frameworks",
				);
				PRODUCT_BUNDLE_IDENTIFIER = com.hello.hello;
				PRODUCT_NAME = "$(TARGET_NAME)";
				TARGETED_DEVICE_FAMILY = "1,2";
			};
			name = Release;
		};
		8B60B65A2165332600AA96DD /* Debug */ = {
			isa = XCBuildConfiguration;
			buildSettings = {
				BUNDLE_LOADER = "$(TEST_HOST)";
				CODE_SIGN_STYLE = Automatic;
				INFOPLIST_FILE = helloTests/Info.plist;
				LD_RUNPATH_SEARCH_PATHS = (
					"$(inherited)",
					"@executable_path/Frameworks",
					"@loader_path/Frameworks",
				);
				PRODUCT_BUNDLE_IDENTIFIER = com.hello.helloTests;
				PRODUCT_NAME = "$(TARGET_NAME)";
				TARGETED_DEVICE_FAMILY = "1,2";
				TEST_HOST = "$(BUILT_PRODUCTS_DIR)/hello.app/hello";
			};
			name = Debug;
		};
		8B60B65B2165332600AA96DD /* Release */ = {
			isa = XCBuildConfiguration;
			buildSettings = {
				BUNDLE_LOADER = "$(TEST_HOST)";
				CODE_SIGN_STYLE = Automatic;
				INFOPLIST_FILE = helloTests/Info.plist;
				LD_RUNPATH_SEARCH_PATHS = (
					"$(inherited)",
					"@executable_path/Frameworks",
					"@loader_path/Frameworks",
				);
				PRODUCT_BUNDLE_IDENTIFIER = com.hello.helloTests;
				PRODUCT_NAME = "$(TARGET_NAME)";
				TARGETED_DEVICE_FAMILY = "1,2";
				TEST_HOST = "$(BUILT_PRODUCTS_DIR)/hello.app/hello";
			};
			name = Release;
		};
		8B60B65D2165332600AA96DD /* Debug */ = {
			isa = XCBuildConfiguration;
			buildSettings = {
				CODE_SIGN_STYLE = Automatic;
				INFOPLIST_FILE = helloUITests/Info.plist;
				LD_RUNPATH_SEARCH_PATHS = (
					"$(inherited)",
					"@executable_path/Frameworks",
					"@loader_path/Frameworks",
				);
				PRODUCT_BUNDLE_IDENTIFIER = com.hello.helloUITests;
				PRODUCT_NAME = "$(TARGET_NAME)";
				TARGETED_DEVICE_FAMILY = "1,2";
				TEST_TARGET_NAME = hello;
			};
			name = Debug;
		};
		8B60B65E2165332600AA96DD /* Release */ = {
			isa = XCBuildConfiguration;
			buildSettings = {
				CODE_SIGN_STYLE = Automatic;
				INFOPLIST_FILE = helloUITests/Info.plist;
				LD_RUNPATH_SEARCH_PATHS = (
					"$(inherited)",
					"@executable_path/Frameworks",
					"@loader_path/Frameworks",
				);
				PRODUCT_BUNDLE_IDENTIFIER = com.hello.helloUITests;
				PRODUCT_NAME = "$(TARGET_NAME)";
				TARGETED_DEVICE_FAMILY = "1,2";
				TEST_TARGET_NAME = hello;
			};
			name = Release;
		};
/* End XCBuildConfiguration section */

/* Begin XCConfigurationList section */
		8B60B6252165332500AA96DD /* Build configuration list for PBXProject "hello" */ = {
			isa = XCConfigurationList;
			buildConfigurations = (
				8B60B6542165332600AA96DD /* Debug */,
				8B60B6552165332600AA96DD /* Release */,
			);
			defaultConfigurationIsVisible = 0;
			defaultConfigurationName = Release;
		};
		8B60B6562165332600AA96DD /* Build configuration list for PBXNativeTarget "hello" */ = {
			isa = XCConfigurationList;
			buildConfigurations = (
				8B60B6572165332600AA96DD /* Debug */,
				8B60B6582165332600AA96DD /* Release */,
			);
			defaultConfigurationIsVisible = 0;
			defaultConfigurationName = Release;
		};
		8B60B6592165332600AA96DD /* Build configuration list for PBXNativeTarget "helloTests" */ = {
			isa = XCConfigurationList;
			buildConfigurations = (
				8B60B65A2165332600AA96DD /* Debug */,
				8B60B65B2165332600AA96DD /* Release */,
			);
			defaultConfigurationIsVisible = 0;
			defaultConfigurationName = Release;
		};
		8B60B65C2165332600AA96DD /* Build configuration list for PBXNativeTarget "helloUITests" */ = {
			isa = XCConfigurationList;
			buildConfigurations = (
				8B60B65D2165332600AA96DD /* Debug */,
				8B60B65E2165332600AA96DD /* Release */,
			);
			defaultConfigurationIsVisible = 0;
			defaultConfigurationName = Release;
		};
/* End XCConfigurationList section */
	};
	rootObject = 8B60B6222165332500AA96DD /* Project object */;
}
